
Microsoft Visual Studio Solution File, Format Version 12.00
# Visual Studio Version 16
VisualStudioVersion = 16.0.30621.155
MinimumVisualStudioVersion = 10.0.40219.1
Project("{FAE04EC0-301F-11D3-BF4B-00C04F79EFBC}") = "LastTime", ".\LastTime\LastTime.csproj", "{84F9B02D-9723-4916-A249-2B3FA25ADEB0}"
EndProject
Project("{9A19103F-16F7-4668-BE54-9A1E7A4F7556}") = "LastTime.Core", ".\LastTime.Core\LastTime.Core.csproj", "{8C226E02-DE2F-438C-A7B1-6E5243487DDE}"
EndProject
Global
	GlobalSection(SolutionConfigurationPlatforms) = preSolution
		Debug|Any CPU = Debug|Any CPU
		Debug|ARM = Debug|ARM
		Debug|ARM64 = Debug|ARM64
		Debug|x64 = Debug|x64
		Debug|x86 = Debug|x86
		Release|Any CPU = Release|Any CPU
		Release|ARM = Release|ARM
		Release|ARM64 = Release|ARM64
		Release|x64 = Release|x64
		Release|x86 = Release|x86
	EndGlobalSection
	GlobalSection(ProjectConfigurationPlatforms) = postSolution
		{84F9B02D-9723-4916-A249-2B3FA25ADEB0}.Debug|Any CPU.ActiveCfg = Debug|x86
		{84F9B02D-9723-4916-A249-2B3FA25ADEB0}.Debug|ARM.ActiveCfg = Debug|ARM
		{84F9B02D-9723-4916-A249-2B3FA25ADEB0}.Debug|ARM.Build.0 = Debug|ARM
		{84F9B02D-9723-4916-A249-2B3FA25ADEB0}.Debug|ARM.Deploy.0 = Debug|ARM
		{84F9B02D-9723-4916-A249-2B3FA25ADEB0}.Debug|ARM64.ActiveCfg = Debug|ARM64
		{84F9B02D-9723-4916-A249-2B3FA25ADEB0}.Debug|ARM64.Build.0 = Debug|ARM64
		{84F9B02D-9723-4916-A249-2B3FA25ADEB0}.Debug|ARM64.Deploy.0 = Debug|ARM64
		{84F9B02D-9723-4916-A249-2B3FA25ADEB0}.Debug|x64.ActiveCfg = Debug|x64
		{84F9B02D-9723-4916-A249-2B3FA25ADEB0}.Debug|x64.Build.0 = Debug|x64
		{84F9B02D-9723-4916-A249-2B3FA25ADEB0}.Debug|x64.Deploy.0 = Debug|x64
		{84F9B02D-9723-4916-A249-2B3FA25ADEB0}.Debug|x86.ActiveCfg = Debug|x86
		{84F9B02D-9723-4916-A249-2B3FA25ADEB0}.Debug|x86.Build.0 = Debug|x86
		{84F9B02D-9723-4916-A249-2B3FA25ADEB0}.Debug|x86.Deploy.0 = Debug|x86
		{84F9B02D-9723-4916-A249-2B3FA25ADEB0}.Release|Any CPU.ActiveCfg = Release|x86
		{84F9B02D-9723-4916-A249-2B3FA25ADEB0}.Release|ARM.ActiveCfg = Release|ARM
		{84F9B02D-9723-4916-A249-2B3FA25ADEB0}.Release|ARM.Build.0 = Release|ARM
		{84F9B02D-9723-4916-A249-2B3FA25ADEB0}.Release|ARM.Deploy.0 = Release|ARM
		{84F9B02D-9723-4916-A249-2B3FA25ADEB0}.Release|ARM64.ActiveCfg = Release|ARM64
		{84F9B02D-9723-4916-A249-2B3FA25ADEB0}.Release|ARM64.Build.0 = Release|ARM64
		{84F9B02D-9723-4916-A249-2B3FA25ADEB0}.Release|ARM64.Deploy.0 = Release|ARM64
		{84F9B02D-9723-4916-A249-2B3FA25ADEB0}.Release|x64.ActiveCfg = Release|x64
		{84F9B02D-9723-4916-A249-2B3FA25ADEB0}.Release|x64.Build.0 = Release|x64
		{84F9B02D-9723-4916-A249-2B3FA25ADEB0}.Release|x64.Deploy.0 = Release|x64
		{84F9B02D-9723-4916-A249-2B3FA25ADEB0}.Release|x86.ActiveCfg = Release|x86
		{84F9B02D-9723-4916-A249-2B3FA25ADEB0}.Release|x86.Build.0 = Release|x86
		{84F9B02D-9723-4916-A249-2B3FA25ADEB0}.Release|x86.Deploy.0 = Release|x86
		{8C226E02-DE2F-438C-A7B1-6E5243487DDE}.Debug|Any CPU.ActiveCfg = Debug|Any CPU
		{8C226E02-DE2F-438C-A7B1-6E5243487DDE}.Debug|Any CPU.Build.0 = Debug|Any CPU
		{8C226E02-DE2F-438C-A7B1-6E5243487DDE}.Debug|ARM.ActiveCfg = Debug|Any CPU
		{8C226E02-DE2F-438C-A7B1-6E5243487DDE}.Debug|ARM.Build.0 = Debug|Any CPU
		{8C226E02-DE2F-438C-A7B1-6E5243487DDE}.Debug|ARM64.ActiveCfg = Debug|Any CPU
		{8C226E02-DE2F-438C-A7B1-6E5243487DDE}.Debug|ARM64.Build.0 = Debug|Any CPU
		{8C226E02-DE2F-438C-A7B1-6E5243487DDE}.Debug|x64.ActiveCfg = Debug|Any CPU
		{8C226E02-DE2F-438C-A7B1-6E5243487DDE}.Debug|x64.Build.0 = Debug|Any CPU
		{8C226E02-DE2F-438C-A7B1-6E5243487DDE}.Debug|x86.ActiveCfg = Debug|Any CPU
		{8C226E02-DE2F-438C-A7B1-6E5243487DDE}.Debug|x86.Build.0 = Debug|Any CPU
		{8C226E02-DE2F-438C-A7B1-6E5243487DDE}.Release|Any CPU.ActiveCfg = Release|Any CPU
		{8C226E02-DE2F-438C-A7B1-6E5243487DDE}.Release|Any CPU.Build.0 = Release|Any CPU
		{8C226E02-DE2F-438C-A7B1-6E5243487DDE}.Release|ARM.ActiveCfg = Release|Any CPU
		{8C226E02-DE2F-438C-A7B1-6E5243487DDE}.Release|ARM.Build.0 = Release|Any CPU
		{8C226E02-DE2F-438C-A7B1-6E5243487DDE}.Release|ARM64.ActiveCfg = Release|Any CPU
		{8C226E02-DE2F-438C-A7B1-6E5243487DDE}.Release|ARM64.Build.0 = Release|Any CPU
		{8C226E02-DE2F-438C-A7B1-6E5243487DDE}.Release|x64.ActiveCfg = Release|Any CPU
		{8C226E02-DE2F-438C-A7B1-6E5243487DDE}.Release|x64.Build.0 = Release|Any CPU
		{8C226E02-DE2F-438C-A7B1-6E5243487DDE}.Release|x86.ActiveCfg = Release|Any CPU
		{8C226E02-DE2F-438C-A7B1-6E5243487DDE}.Release|x86.Build.0 = Release|Any CPU
	EndGlobalSection
	GlobalSection(SolutionProperties) = preSolution
		HideSolutionNode = FALSE
	EndGlobalSection
	GlobalSection(ExtensibilityGlobals) = postSolution
		SolutionGuid = {61037D27-247E-4C11-9819-96441EF1B19B}
	EndGlobalSection
EndGlobal
